
Microsoft Visual Studio Solution File, Format Version 12.00
# Visual Studio 15
VisualStudioVersion = 15.0.28307.421
MinimumVisualStudioVersion = 10.0.40219.1
Project("{FAE04EC0-301F-11D3-BF4B-00C04F79EFBC}") = "Olá Mundo!", "Olá Mundo!\Olá Mundo!.csproj", "{CAB53DE3-80E0-4FA4-BD29-1CF89EE7D8FE}"
EndProject
Project("{FAE04EC0-301F-11D3-BF4B-00C04F79EFBC}") = "Argumentos", "Argumentos\Argumentos.csproj", "{7A93D0DA-CB98-4FD0-94A2-A49849D764DD}"
EndProject
Global
	GlobalSection(SolutionConfigurationPlatforms) = preSolution
		Debug|Any CPU = Debug|Any CPU
		Release|Any CPU = Release|Any CPU
	EndGlobalSection
	GlobalSection(ProjectConfigurationPlatforms) = postSolution
		{CAB53DE3-80E0-4FA4-BD29-1CF89EE7D8FE}.Debug|Any CPU.ActiveCfg = Debug|Any CPU
		{CAB53DE3-80E0-4FA4-BD29-1CF89EE7D8FE}.Debug|Any CPU.Build.0 = Debug|Any CPU
		{CAB53DE3-80E0-4FA4-BD29-1CF89EE7D8FE}.Release|Any CPU.ActiveCfg = Release|Any CPU
		{CAB53DE3-80E0-4FA4-BD29-1CF89EE7D8FE}.Release|Any CPU.Build.0 = Release|Any CPU
		{7A93D0DA-CB98-4FD0-94A2-A49849D764DD}.Debug|Any CPU.ActiveCfg = Debug|Any CPU
		{7A93D0DA-CB98-4FD0-94A2-A49849D764DD}.Debug|Any CPU.Build.0 = Debug|Any CPU
		{7A93D0DA-CB98-4FD0-94A2-A49849D764DD}.Release|Any CPU.ActiveCfg = Release|Any CPU
		{7A93D0DA-CB98-4FD0-94A2-A49849D764DD}.Release|Any CPU.Build.0 = Release|Any CPU
	EndGlobalSection
	GlobalSection(SolutionProperties) = preSolution
		HideSolutionNode = FALSE
	EndGlobalSection
	GlobalSection(ExtensibilityGlobals) = postSolution
		SolutionGuid = {A13D1D4A-0A4F-4866-8856-22B545221FF2}
	EndGlobalSection
EndGlobal
